
Microsoft Visual Studio Solution File, Format Version 12.00
Project("{FAE04EC0-301F-11D3-BF4B-00C04F79EFBC}") = "MyFirstASP", "MyFirstASP\MyFirstASP.csproj", "{EFB46DA2-DF67-42F2-941E-0A986B3F70BB}"
EndProject
Global
	GlobalSection(SolutionConfigurationPlatforms) = preSolution
		Debug|Any CPU = Debug|Any CPU
		Release|Any CPU = Release|Any CPU
	EndGlobalSection
	GlobalSection(ProjectConfigurationPlatforms) = postSolution
		{EFB46DA2-DF67-42F2-941E-0A986B3F70BB}.Debug|Any CPU.ActiveCfg = Debug|Any CPU
		{EFB46DA2-DF67-42F2-941E-0A986B3F70BB}.Debug|Any CPU.Build.0 = Debug|Any CPU
		{EFB46DA2-DF67-42F2-941E-0A986B3F70BB}.Release|Any CPU.ActiveCfg = Release|Any CPU
		{EFB46DA2-DF67-42F2-941E-0A986B3F70BB}.Release|Any CPU.Build.0 = Release|Any CPU
	EndGlobalSection
EndGlobal
